
Microsoft Visual Studio Solution File, Format Version 12.00
# Visual Studio Version 17
VisualStudioVersion = 17.6.33829.357
MinimumVisualStudioVersion = 10.0.40219.1
Project("{FAE04EC0-301F-11D3-BF4B-00C04F79EFBC}") = "L&P", "L&P\L&P.csproj", "{0D5BB88A-40CC-4887-B164-5F0FC646204C}"
EndProject
Global
	GlobalSection(SolutionConfigurationPlatforms) = preSolution
		Debug|Any CPU = Debug|Any CPU
		Release|Any CPU = Release|Any CPU
	EndGlobalSection
	GlobalSection(ProjectConfigurationPlatforms) = postSolution
		{0D5BB88A-40CC-4887-B164-5F0FC646204C}.Debug|Any CPU.ActiveCfg = Debug|Any CPU
		{0D5BB88A-40CC-4887-B164-5F0FC646204C}.Debug|Any CPU.Build.0 = Debug|Any CPU
		{0D5BB88A-40CC-4887-B164-5F0FC646204C}.Release|Any CPU.ActiveCfg = Release|Any CPU
		{0D5BB88A-40CC-4887-B164-5F0FC646204C}.Release|Any CPU.Build.0 = Release|Any CPU
	EndGlobalSection
	GlobalSection(SolutionProperties) = preSolution
		HideSolutionNode = FALSE
	EndGlobalSection
	GlobalSection(ExtensibilityGlobals) = postSolution
		SolutionGuid = {A7BEC5CA-A3DA-446B-9B5B-CCAB62C8825A}
	EndGlobalSection
EndGlobal
